// !$*UTF8*$!
{
	archiveVersion = 1;
	classes = {
	};
	objectVersion = 46;
	objects = {

/* Begin PBXBuildFile section */
		272047851AB8D08200CDF7D4 /* LayerVisualization.swift in Sources */ = {isa = PBXBuildFile; fileRef = 272047841AB8D08200CDF7D4 /* LayerVisualization.swift */; };
		272047871AC1F2C300CDF7D4 /* FrameInspectorViewController.swift in Sources */ = {isa = PBXBuildFile; fileRef = 272047861AC1F2C300CDF7D4 /* FrameInspectorViewController.swift */; };
		2720478A1AC1FE2F00CDF7D4 /* BoundsInspectorViewController.swift in Sources */ = {isa = PBXBuildFile; fileRef = 272047881AC1FE2F00CDF7D4 /* BoundsInspectorViewController.swift */; };
		2722F3431AC4727500D9E61D /* TransformInspectorViewController.swift in Sources */ = {isa = PBXBuildFile; fileRef = 2722F3411AC4727500D9E61D /* TransformInspectorViewController.swift */; };
		27A407EF1AB8CF5900109830 /* CanvasViewController.swift in Sources */ = {isa = PBXBuildFile; fileRef = 27A407EE1AB8CF5900109830 /* CanvasViewController.swift */; };
		27C91AED1AB8C36E005F3CC8 /* AppDelegate.swift in Sources */ = {isa = PBXBuildFile; fileRef = 27C91AEC1AB8C36E005F3CC8 /* AppDelegate.swift */; };
		27C91AF11AB8C36E005F3CC8 /* Document.swift in Sources */ = {isa = PBXBuildFile; fileRef = 27C91AF01AB8C36E005F3CC8 /* Document.swift */; };
		27C91AF31AB8C36E005F3CC8 /* Images.xcassets in Resources */ = {isa = PBXBuildFile; fileRef = 27C91AF21AB8C36E005F3CC8 /* Images.xcassets */; };
		27C91AF61AB8C36E005F3CC8 /* Main.storyboard in Resources */ = {isa = PBXBuildFile; fileRef = 27C91AF41AB8C36E005F3CC8 /* Main.storyboard */; };
		27DB474F1AC2087B004AF702 /* ActionButtonViewController.swift in Sources */ = {isa = PBXBuildFile; fileRef = 27DB474D1AC2087B004AF702 /* ActionButtonViewController.swift */; };
		27DB47521AC20BB8004AF702 /* LayerPropertyFormatter.swift in Sources */ = {isa = PBXBuildFile; fileRef = 27DB47511AC20BB8004AF702 /* LayerPropertyFormatter.swift */; };
		27DB47561AC32975004AF702 /* PositionInspectorViewController.swift in Sources */ = {isa = PBXBuildFile; fileRef = 27DB47551AC32975004AF702 /* PositionInspectorViewController.swift */; };
		27DB47591AC34CCD004AF702 /* InspectorPaneViewController.swift in Sources */ = {isa = PBXBuildFile; fileRef = 27DB47581AC34CCD004AF702 /* InspectorPaneViewController.swift */; };
		27DB475B1AC35631004AF702 /* AffineTransformInspectorViewController.swift in Sources */ = {isa = PBXBuildFile; fileRef = 27DB475A1AC35631004AF702 /* AffineTransformInspectorViewController.swift */; };
/* End PBXBuildFile section */

/* Begin PBXFileReference section */
		272047841AB8D08200CDF7D4 /* LayerVisualization.swift */ = {isa = PBXFileReference; fileEncoding = 4; lastKnownFileType = sourcecode.swift; path = LayerVisualization.swift; sourceTree = "<group>"; };
		272047861AC1F2C300CDF7D4 /* FrameInspectorViewController.swift */ = {isa = PBXFileReference; fileEncoding = 4; lastKnownFileType = sourcecode.swift; path = FrameInspectorViewController.swift; sourceTree = "<group>"; };
		272047881AC1FE2F00CDF7D4 /* BoundsInspectorViewController.swift */ = {isa = PBXFileReference; fileEncoding = 4; lastKnownFileType = sourcecode.swift; path = BoundsInspectorViewController.swift; sourceTree = "<group>"; };
		2722F3411AC4727500D9E61D /* TransformInspectorViewController.swift */ = {isa = PBXFileReference; fileEncoding = 4; lastKnownFileType = sourcecode.swift; path = TransformInspectorViewController.swift; sourceTree = "<group>"; };
		27A407EE1AB8CF5900109830 /* CanvasViewController.swift */ = {isa = PBXFileReference; fileEncoding = 4; lastKnownFileType = sourcecode.swift; path = CanvasViewController.swift; sourceTree = "<group>"; };
		27C91AE71AB8C36E005F3CC8 /* LayerExplorer.app */ = {isa = PBXFileReference; explicitFileType = wrapper.application; includeInIndex = 0; path = LayerExplorer.app; sourceTree = BUILT_PRODUCTS_DIR; };
		27C91AEB1AB8C36E005F3CC8 /* Info.plist */ = {isa = PBXFileReference; lastKnownFileType = text.plist.xml; path = Info.plist; sourceTree = "<group>"; };
		27C91AEC1AB8C36E005F3CC8 /* AppDelegate.swift */ = {isa = PBXFileReference; lastKnownFileType = sourcecode.swift; path = AppDelegate.swift; sourceTree = "<group>"; };
		27C91AF01AB8C36E005F3CC8 /* Document.swift */ = {isa = PBXFileReference; lastKnownFileType = sourcecode.swift; path = Document.swift; sourceTree = "<group>"; };
		27C91AF21AB8C36E005F3CC8 /* Images.xcassets */ = {isa = PBXFileReference; lastKnownFileType = folder.assetcatalog; path = Images.xcassets; sourceTree = "<group>"; };
		27C91AF51AB8C36E005F3CC8 /* Base */ = {isa = PBXFileReference; lastKnownFileType = file.storyboard; name = Base; path = Base.lproj/Main.storyboard; sourceTree = "<group>"; };
		27DB474D1AC2087B004AF702 /* ActionButtonViewController.swift */ = {isa = PBXFileReference; fileEncoding = 4; lastKnownFileType = sourcecode.swift; path = ActionButtonViewController.swift; sourceTree = "<group>"; };
		27DB47511AC20BB8004AF702 /* LayerPropertyFormatter.swift */ = {isa = PBXFileReference; fileEncoding = 4; lastKnownFileType = sourcecode.swift; path = LayerPropertyFormatter.swift; sourceTree = "<group>"; };
		27DB47551AC32975004AF702 /* PositionInspectorViewController.swift */ = {isa = PBXFileReference; fileEncoding = 4; lastKnownFileType = sourcecode.swift; path = PositionInspectorViewController.swift; sourceTree = "<group>"; };
		27DB47581AC34CCD004AF702 /* InspectorPaneViewController.swift */ = {isa = PBXFileReference; fileEncoding = 4; lastKnownFileType = sourcecode.swift; path = InspectorPaneViewController.swift; sourceTree = "<group>"; };
		27DB475A1AC35631004AF702 /* AffineTransformInspectorViewController.swift */ = {isa = PBXFileReference; fileEncoding = 4; lastKnownFileType = sourcecode.swift; path = AffineTransformInspectorViewController.swift; sourceTree = "<group>"; };
/* End PBXFileReference section */

/* Begin PBXFrameworksBuildPhase section */
		27C91AE41AB8C36E005F3CC8 /* Frameworks */ = {
			isa = PBXFrameworksBuildPhase;
			buildActionMask = 2147483647;
			files = (
			);
			runOnlyForDeploymentPostprocessing = 0;
		};
/* End PBXFrameworksBuildPhase section */

/* Begin PBXGroup section */
		27C91ADE1AB8C36E005F3CC8 = {
			isa = PBXGroup;
			children = (
				27C91AF21AB8C36E005F3CC8 /* Images.xcassets */,
				27C91AEB1AB8C36E005F3CC8 /* Info.plist */,
				27C91AE91AB8C36E005F3CC8 /* Source */,
				27C91AE81AB8C36E005F3CC8 /* Products */,
			);
			sourceTree = "<group>";
		};
		27C91AE81AB8C36E005F3CC8 /* Products */ = {
			isa = PBXGroup;
			children = (
				27C91AE71AB8C36E005F3CC8 /* LayerExplorer.app */,
			);
			name = Products;
			sourceTree = "<group>";
		};
		27C91AE91AB8C36E005F3CC8 /* Source */ = {
			isa = PBXGroup;
			children = (
				27DB47571AC329A6004AF702 /* InspectorPanes */,
				27DB474D1AC2087B004AF702 /* ActionButtonViewController.swift */,
				27C91AEC1AB8C36E005F3CC8 /* AppDelegate.swift */,
				27A407EE1AB8CF5900109830 /* CanvasViewController.swift */,
				27C91AF01AB8C36E005F3CC8 /* Document.swift */,
				27DB47511AC20BB8004AF702 /* LayerPropertyFormatter.swift */,
				272047841AB8D08200CDF7D4 /* LayerVisualization.swift */,
				27C91AF41AB8C36E005F3CC8 /* Main.storyboard */,
			);
			path = Source;
			sourceTree = "<group>";
		};
		27DB47571AC329A6004AF702 /* InspectorPanes */ = {
			isa = PBXGroup;
			children = (
				27DB475A1AC35631004AF702 /* AffineTransformInspectorViewController.swift */,
				272047881AC1FE2F00CDF7D4 /* BoundsInspectorViewController.swift */,
				272047861AC1F2C300CDF7D4 /* FrameInspectorViewController.swift */,
				27DB47581AC34CCD004AF702 /* InspectorPaneViewController.swift */,
				27DB47551AC32975004AF702 /* PositionInspectorViewController.swift */,
				2722F3411AC4727500D9E61D /* TransformInspectorViewController.swift */,
			);
			name = InspectorPanes;
			sourceTree = "<group>";
		};
/* End PBXGroup section */

/* Begin PBXNativeTarget section */
		27C91AE61AB8C36E005F3CC8 /* LayerExplorer */ = {
			isa = PBXNativeTarget;
			buildConfigurationList = 27C91B051AB8C36E005F3CC8 /* Build configuration list for PBXNativeTarget "LayerExplorer" */;
			buildPhases = (
				27C91AE31AB8C36E005F3CC8 /* Sources */,
				27C91AE41AB8C36E005F3CC8 /* Frameworks */,
				27C91AE51AB8C36E005F3CC8 /* Resources */,
			);
			buildRules = (
			);
			dependencies = (
			);
			name = LayerExplorer;
			productName = LayerExplorer;
			productReference = 27C91AE71AB8C36E005F3CC8 /* LayerExplorer.app */;
			productType = "com.apple.product-type.application";
		};
/* End PBXNativeTarget section */

/* Begin PBXProject section */
		27C91ADF1AB8C36E005F3CC8 /* Project object */ = {
			isa = PBXProject;
			attributes = {
				LastUpgradeCheck = 0630;
				ORGANIZATIONNAME = "Nathan Corvino";
				TargetAttributes = {
					27C91AE61AB8C36E005F3CC8 = {
						CreatedOnToolsVersion = 6.3;
					};
				};
			};
			buildConfigurationList = 27C91AE21AB8C36E005F3CC8 /* Build configuration list for PBXProject "LayerExplorer" */;
			compatibilityVersion = "Xcode 3.2";
			developmentRegion = English;
			hasScannedForEncodings = 0;
			knownRegions = (
				en,
				Base,
			);
			mainGroup = 27C91ADE1AB8C36E005F3CC8;
			productRefGroup = 27C91AE81AB8C36E005F3CC8 /* Products */;
			projectDirPath = "";
			projectRoot = "";
			targets = (
				27C91AE61AB8C36E005F3CC8 /* LayerExplorer */,
			);
		};
/* End PBXProject section */

/* Begin PBXResourcesBuildPhase section */
		27C91AE51AB8C36E005F3CC8 /* Resources */ = {
			isa = PBXResourcesBuildPhase;
			buildActionMask = 2147483647;
			files = (
				27C91AF31AB8C36E005F3CC8 /* Images.xcassets in Resources */,
				27C91AF61AB8C36E005F3CC8 /* Main.storyboard in Resources */,
			);
			runOnlyForDeploymentPostprocessing = 0;
		};
/* End PBXResourcesBuildPhase section */

/* Begin PBXSourcesBuildPhase section */
		27C91AE31AB8C36E005F3CC8 /* Sources */ = {
			isa = PBXSourcesBuildPhase;
			buildActionMask = 2147483647;
			files = (
				27A407EF1AB8CF5900109830 /* CanvasViewController.swift in Sources */,
				27DB474F1AC2087B004AF702 /* ActionButtonViewController.swift in Sources */,
				272047871AC1F2C300CDF7D4 /* FrameInspectorViewController.swift in Sources */,
				2722F3431AC4727500D9E61D /* TransformInspectorViewController.swift in Sources */,
				272047851AB8D08200CDF7D4 /* LayerVisualization.swift in Sources */,
				27DB47591AC34CCD004AF702 /* InspectorPaneViewController.swift in Sources */,
				27DB47561AC32975004AF702 /* PositionInspectorViewController.swift in Sources */,
				2720478A1AC1FE2F00CDF7D4 /* BoundsInspectorViewController.swift in Sources */,
				27DB47521AC20BB8004AF702 /* LayerPropertyFormatter.swift in Sources */,
				27C91AED1AB8C36E005F3CC8 /* AppDelegate.swift in Sources */,
				27DB475B1AC35631004AF702 /* AffineTransformInspectorViewController.swift in Sources */,
				27C91AF11AB8C36E005F3CC8 /* Document.swift in Sources */,
			);
			runOnlyForDeploymentPostprocessing = 0;
		};
/* End PBXSourcesBuildPhase section */

/* Begin PBXVariantGroup section */
		27C91AF41AB8C36E005F3CC8 /* Main.storyboard */ = {
			isa = PBXVariantGroup;
			children = (
				27C91AF51AB8C36E005F3CC8 /* Base */,
			);
			name = Main.storyboard;
			sourceTree = "<group>";
		};
/* End PBXVariantGroup section */

/* Begin XCBuildConfiguration section */
		27C91B031AB8C36E005F3CC8 /* Debug */ = {
			isa = XCBuildConfiguration;
			buildSettings = {
				ALWAYS_SEARCH_USER_PATHS = NO;
				CLANG_CXX_LANGUAGE_STANDARD = "gnu++0x";
				CLANG_CXX_LIBRARY = "libc++";
				CLANG_ENABLE_MODULES = YES;
				CLANG_ENABLE_OBJC_ARC = YES;
				CLANG_WARN_BOOL_CONVERSION = YES;
				CLANG_WARN_CONSTANT_CONVERSION = YES;
				CLANG_WARN_DIRECT_OBJC_ISA_USAGE = YES_ERROR;
				CLANG_WARN_EMPTY_BODY = YES;
				CLANG_WARN_ENUM_CONVERSION = YES;
				CLANG_WARN_INT_CONVERSION = YES;
				CLANG_WARN_OBJC_ROOT_CLASS = YES_ERROR;
				CLANG_WARN_UNREACHABLE_CODE = YES;
				CLANG_WARN__DUPLICATE_METHOD_MATCH = YES;
				CODE_SIGN_IDENTITY = "-";
				COPY_PHASE_STRIP = NO;
				DEBUG_INFORMATION_FORMAT = dwarf;
				ENABLE_STRICT_OBJC_MSGSEND = YES;
				GCC_C_LANGUAGE_STANDARD = gnu99;
				GCC_DYNAMIC_NO_PIC = NO;
				GCC_NO_COMMON_BLOCKS = YES;
				GCC_OPTIMIZATION_LEVEL = 0;
				GCC_PREPROCESSOR_DEFINITIONS = (
					"DEBUG=1",
					"$(inherited)",
				);
				GCC_SYMBOLS_PRIVATE_EXTERN = NO;
				GCC_WARN_64_TO_32_BIT_CONVERSION = YES;
				GCC_WARN_ABOUT_RETURN_TYPE = YES_ERROR;
				GCC_WARN_UNDECLARED_SELECTOR = YES;
				GCC_WARN_UNINITIALIZED_AUTOS = YES_AGGRESSIVE;
				GCC_WARN_UNUSED_FUNCTION = YES;
				GCC_WARN_UNUSED_VARIABLE = YES;
				MACOSX_DEPLOYMENT_TARGET = 10.10;
				MTL_ENABLE_DEBUG_INFO = YES;
				ONLY_ACTIVE_ARCH = YES;
				SDKROOT = macosx;
				SWIFT_OPTIMIZATION_LEVEL = "-Onone";
			};
			name = Debug;
		};
		27C91B041AB8C36E005F3CC8 /* Release */ = {
			isa = XCBuildConfiguration;
			buildSettings = {
				ALWAYS_SEARCH_USER_PATHS = NO;
				CLANG_CXX_LANGUAGE_STANDARD = "gnu++0x";
				CLANG_CXX_LIBRARY = "libc++";
				CLANG_ENABLE_MODULES = YES;
				CLANG_ENABLE_OBJC_ARC = YES;
				CLANG_WARN_BOOL_CONVERSION = YES;
				CLANG_WARN_CONSTANT_CONVERSION = YES;
				CLANG_WARN_DIRECT_OBJC_ISA_USAGE = YES_ERROR;
				CLANG_WARN_EMPTY_BODY = YES;
				CLANG_WARN_ENUM_CONVERSION = YES;
				CLANG_WARN_INT_CONVERSION = YES;
				CLANG_WARN_OBJC_ROOT_CLASS = YES_ERROR;
				CLANG_WARN_UNREACHABLE_CODE = YES;
				CLANG_WARN__DUPLICATE_METHOD_MATCH = YES;
				CODE_SIGN_IDENTITY = "-";
				COPY_PHASE_STRIP = NO;
				DEBUG_INFORMATION_FORMAT = "dwarf-with-dsym";
				ENABLE_NS_ASSERTIONS = NO;
				ENABLE_STRICT_OBJC_MSGSEND = YES;
				GCC_C_LANGUAGE_STANDARD = gnu99;
				GCC_NO_COMMON_BLOCKS = YES;
				GCC_WARN_64_TO_32_BIT_CONVERSION = YES;
				GCC_WARN_ABOUT_RETURN_TYPE = YES_ERROR;
				GCC_WARN_UNDECLARED_SELECTOR = YES;
				GCC_WARN_UNINITIALIZED_AUTOS = YES_AGGRESSIVE;
				GCC_WARN_UNUSED_FUNCTION = YES;
				GCC_WARN_UNUSED_VARIABLE = YES;
				MACOSX_DEPLOYMENT_TARGET = 10.10;
				MTL_ENABLE_DEBUG_INFO = NO;
				SDKROOT = macosx;
			};
			name = Release;
		};
		27C91B061AB8C36E005F3CC8 /* Debug */ = {
			isa = XCBuildConfiguration;
			buildSettings = {
				ASSETCATALOG_COMPILER_APPICON_NAME = AppIcon;
				COMBINE_HIDPI_IMAGES = YES;
				INFOPLIST_FILE = Info.plist;
				LD_RUNPATH_SEARCH_PATHS = "$(inherited) @executable_path/../Frameworks";
				PRODUCT_NAME = "$(TARGET_NAME)";
			};
			name = Debug;
		};
		27C91B071AB8C36E005F3CC8 /* Release */ = {
			isa = XCBuildConfiguration;
			buildSettings = {
				ASSETCATALOG_COMPILER_APPICON_NAME = AppIcon;
				COMBINE_HIDPI_IMAGES = YES;
				INFOPLIST_FILE = Info.plist;
				LD_RUNPATH_SEARCH_PATHS = "$(inherited) @executable_path/../Frameworks";
				PRODUCT_NAME = "$(TARGET_NAME)";
			};
			name = Release;
		};
/* End XCBuildConfiguration section */

/* Begin XCConfigurationList section */
		27C91AE21AB8C36E005F3CC8 /* Build configuration list for PBXProject "LayerExplorer" */ = {
			isa = XCConfigurationList;
			buildConfigurations = (
				27C91B031AB8C36E005F3CC8 /* Debug */,
				27C91B041AB8C36E005F3CC8 /* Release */,
			);
			defaultConfigurationIsVisible = 0;
			defaultConfigurationName = Release;
		};
		27C91B051AB8C36E005F3CC8 /* Build configuration list for PBXNativeTarget "LayerExplorer" */ = {
			isa = XCConfigurationList;
			buildConfigurations = (
				27C91B061AB8C36E005F3CC8 /* Debug */,
				27C91B071AB8C36E005F3CC8 /* Release */,
			);
			defaultConfigurationIsVisible = 0;
			defaultConfigurationName = Release;
		};
/* End XCConfigurationList section */
	};
	rootObject = 27C91ADF1AB8C36E005F3CC8 /* Project object */;
}
